
Microsoft Visual Studio Solution File, Format Version 12.00
# Visual Studio 14
VisualStudioVersion = 14.0.23107.0
MinimumVisualStudioVersion = 10.0.40219.1
Project("{FAE04EC0-301F-11D3-BF4B-00C04F79EFBC}") = "task-1", "conditional-statement\task-1.csproj", "{01E70E86-FE21-49B4-B817-AAE30DBE45FA}"
EndProject
Project("{FAE04EC0-301F-11D3-BF4B-00C04F79EFBC}") = "task-2", "task-2\task-2.csproj", "{6A74C485-8F45-4BB4-8AD9-FAEC9BD45258}"
EndProject
Project("{FAE04EC0-301F-11D3-BF4B-00C04F79EFBC}") = "task-3", "task-3\task-3.csproj", "{8F1B3E3F-1F0A-45A6-8BCD-AC9453B1D713}"
EndProject
Project("{FAE04EC0-301F-11D3-BF4B-00C04F79EFBC}") = "task-4", "task-4\task-4.csproj", "{DE3DA173-E386-46C4-B711-6EFC2D1ADE72}"
EndProject
Global
	GlobalSection(SolutionConfigurationPlatforms) = preSolution
		Debug|Any CPU = Debug|Any CPU
		Release|Any CPU = Release|Any CPU
	EndGlobalSection
	GlobalSection(ProjectConfigurationPlatforms) = postSolution
		{01E70E86-FE21-49B4-B817-AAE30DBE45FA}.Debug|Any CPU.ActiveCfg = Debug|Any CPU
		{01E70E86-FE21-49B4-B817-AAE30DBE45FA}.Debug|Any CPU.Build.0 = Debug|Any CPU
		{01E70E86-FE21-49B4-B817-AAE30DBE45FA}.Release|Any CPU.ActiveCfg = Release|Any CPU
		{01E70E86-FE21-49B4-B817-AAE30DBE45FA}.Release|Any CPU.Build.0 = Release|Any CPU
		{6A74C485-8F45-4BB4-8AD9-FAEC9BD45258}.Debug|Any CPU.ActiveCfg = Debug|Any CPU
		{6A74C485-8F45-4BB4-8AD9-FAEC9BD45258}.Debug|Any CPU.Build.0 = Debug|Any CPU
		{6A74C485-8F45-4BB4-8AD9-FAEC9BD45258}.Release|Any CPU.ActiveCfg = Release|Any CPU
		{6A74C485-8F45-4BB4-8AD9-FAEC9BD45258}.Release|Any CPU.Build.0 = Release|Any CPU
		{8F1B3E3F-1F0A-45A6-8BCD-AC9453B1D713}.Debug|Any CPU.ActiveCfg = Debug|Any CPU
		{8F1B3E3F-1F0A-45A6-8BCD-AC9453B1D713}.Debug|Any CPU.Build.0 = Debug|Any CPU
		{8F1B3E3F-1F0A-45A6-8BCD-AC9453B1D713}.Release|Any CPU.ActiveCfg = Release|Any CPU
		{8F1B3E3F-1F0A-45A6-8BCD-AC9453B1D713}.Release|Any CPU.Build.0 = Release|Any CPU
		{DE3DA173-E386-46C4-B711-6EFC2D1ADE72}.Debug|Any CPU.ActiveCfg = Debug|Any CPU
		{DE3DA173-E386-46C4-B711-6EFC2D1ADE72}.Debug|Any CPU.Build.0 = Debug|Any CPU
		{DE3DA173-E386-46C4-B711-6EFC2D1ADE72}.Release|Any CPU.ActiveCfg = Release|Any CPU
		{DE3DA173-E386-46C4-B711-6EFC2D1ADE72}.Release|Any CPU.Build.0 = Release|Any CPU
	EndGlobalSection
	GlobalSection(SolutionProperties) = preSolution
		HideSolutionNode = FALSE
	EndGlobalSection
EndGlobal
